// !$*UTF8*$!
{
	archiveVersion = 1;
	classes = {
	};
	objectVersion = 51;
	objects = {

/* Begin PBXBuildFile section */
		2543E76A5B425C796E8021D6 /* Pods_ImageUploads_ImageUploadsUITests.framework in Frameworks */ = {isa = PBXBuildFile; fileRef = A3F3C6BD6C247740CE0BA884 /* Pods_ImageUploads_ImageUploadsUITests.framework */; };
		629C47BBF03C378317C37064 /* Pods_ImageUploadsTests.framework in Frameworks */ = {isa = PBXBuildFile; fileRef = 17B0F33B3442975A5E690CAB /* Pods_ImageUploadsTests.framework */; };
		677EE408EFBC07FDD5D45647 /* Pods_ImageUploads.framework in Frameworks */ = {isa = PBXBuildFile; fileRef = BCD78E2EF3177D14206B352E /* Pods_ImageUploads.framework */; };
		8A7ADA992521D0EA00745DD1 /* AppDelegate.swift in Sources */ = {isa = PBXBuildFile; fileRef = 8A7ADA982521D0EA00745DD1 /* AppDelegate.swift */; };
		8A7ADA9B2521D0EA00745DD1 /* SceneDelegate.swift in Sources */ = {isa = PBXBuildFile; fileRef = 8A7ADA9A2521D0EA00745DD1 /* SceneDelegate.swift */; };
		8A7ADA9D2521D0EA00745DD1 /* ImageViewController.swift in Sources */ = {isa = PBXBuildFile; fileRef = 8A7ADA9C2521D0EA00745DD1 /* ImageViewController.swift */; };
		8A7ADAA02521D0EA00745DD1 /* Main.storyboard in Resources */ = {isa = PBXBuildFile; fileRef = 8A7ADA9E2521D0EA00745DD1 /* Main.storyboard */; };
		8A7ADAA32521D0EA00745DD1 /* ImageUploads.xcdatamodeld in Sources */ = {isa = PBXBuildFile; fileRef = 8A7ADAA12521D0EA00745DD1 /* ImageUploads.xcdatamodeld */; };
		8A7ADAA52521D0EC00745DD1 /* Assets.xcassets in Resources */ = {isa = PBXBuildFile; fileRef = 8A7ADAA42521D0EC00745DD1 /* Assets.xcassets */; };
		8A7ADAA82521D0EC00745DD1 /* LaunchScreen.storyboard in Resources */ = {isa = PBXBuildFile; fileRef = 8A7ADAA62521D0EC00745DD1 /* LaunchScreen.storyboard */; };
		8A7ADAB32521D0EC00745DD1 /* ImageUploadsTests.swift in Sources */ = {isa = PBXBuildFile; fileRef = 8A7ADAB22521D0EC00745DD1 /* ImageUploadsTests.swift */; };
		8A7ADABE2521D0EC00745DD1 /* ImageUploadsUITests.swift in Sources */ = {isa = PBXBuildFile; fileRef = 8A7ADABD2521D0EC00745DD1 /* ImageUploadsUITests.swift */; };
		8A7ADACC2521F7F600745DD1 /* ViewController.swift in Sources */ = {isa = PBXBuildFile; fileRef = 8A7ADACB2521F7F600745DD1 /* ViewController.swift */; };
		8A7ADACE252204CB00745DD1 /* CustomProgressView.swift in Sources */ = {isa = PBXBuildFile; fileRef = 8A7ADACD252204CB00745DD1 /* CustomProgressView.swift */; };
		8A7ADAD0252204E000745DD1 /* CustomProgressView.xib in Resources */ = {isa = PBXBuildFile; fileRef = 8A7ADACF252204E000745DD1 /* CustomProgressView.xib */; };
		8A7ADAD22522189500745DD1 /* ImageCollectionViewCell.swift in Sources */ = {isa = PBXBuildFile; fileRef = 8A7ADAD12522189500745DD1 /* ImageCollectionViewCell.swift */; };
		8AF7D6EC2522F5FC00CFC225 /* NetworkHandler.swift in Sources */ = {isa = PBXBuildFile; fileRef = 8AF7D6EB2522F5FC00CFC225 /* NetworkHandler.swift */; };
		8AF7D6EE2522F93400CFC225 /* Constants.swift in Sources */ = {isa = PBXBuildFile; fileRef = 8AF7D6ED2522F93400CFC225 /* Constants.swift */; };
		8AF7D6F02523215900CFC225 /* UploadsCollectionViewCell.swift in Sources */ = {isa = PBXBuildFile; fileRef = 8AF7D6EF2523215800CFC225 /* UploadsCollectionViewCell.swift */; };
		8AF7D6F6252329BA00CFC225 /* DetailsViewController.swift in Sources */ = {isa = PBXBuildFile; fileRef = 8AF7D6F5252329BA00CFC225 /* DetailsViewController.swift */; };
		8AF7D6FA25232AC900CFC225 /* UIImageView.swift in Sources */ = {isa = PBXBuildFile; fileRef = 8AF7D6F925232AC900CFC225 /* UIImageView.swift */; };
		8AF7D6FC25232F4800CFC225 /* UploadPresenter.swift in Sources */ = {isa = PBXBuildFile; fileRef = 8AF7D6FB25232F4800CFC225 /* UploadPresenter.swift */; };
		8AF7D6FE252364E300CFC225 /* ImagePresenter.swift in Sources */ = {isa = PBXBuildFile; fileRef = 8AF7D6FD252364E300CFC225 /* ImagePresenter.swift */; };
		8AF7D700252368D700CFC225 /* DetailPresenter.swift in Sources */ = {isa = PBXBuildFile; fileRef = 8AF7D6FF252368D700CFC225 /* DetailPresenter.swift */; };
/* End PBXBuildFile section */

/* Begin PBXContainerItemProxy section */
		8A7ADAAF2521D0EC00745DD1 /* PBXContainerItemProxy */ = {
			isa = PBXContainerItemProxy;
			containerPortal = 8A7ADA8D2521D0EA00745DD1 /* Project object */;
			proxyType = 1;
			remoteGlobalIDString = 8A7ADA942521D0EA00745DD1;
			remoteInfo = ImageUploads;
		};
		8A7ADABA2521D0EC00745DD1 /* PBXContainerItemProxy */ = {
			isa = PBXContainerItemProxy;
			containerPortal = 8A7ADA8D2521D0EA00745DD1 /* Project object */;
			proxyType = 1;
			remoteGlobalIDString = 8A7ADA942521D0EA00745DD1;
			remoteInfo = ImageUploads;
		};
/* End PBXContainerItemProxy section */

/* Begin PBXFileReference section */
		085EA585249E0B071045A68D /* Pods-ImageUploads.release.xcconfig */ = {isa = PBXFileReference; includeInIndex = 1; lastKnownFileType = text.xcconfig; name = "Pods-ImageUploads.release.xcconfig"; path = "Target Support Files/Pods-ImageUploads/Pods-ImageUploads.release.xcconfig"; sourceTree = "<group>"; };
		17B0F33B3442975A5E690CAB /* Pods_ImageUploadsTests.framework */ = {isa = PBXFileReference; explicitFileType = wrapper.framework; includeInIndex = 0; path = Pods_ImageUploadsTests.framework; sourceTree = BUILT_PRODUCTS_DIR; };
		8A7ADA952521D0EA00745DD1 /* ImageUploads.app */ = {isa = PBXFileReference; explicitFileType = wrapper.application; includeInIndex = 0; path = ImageUploads.app; sourceTree = BUILT_PRODUCTS_DIR; };
		8A7ADA982521D0EA00745DD1 /* AppDelegate.swift */ = {isa = PBXFileReference; lastKnownFileType = sourcecode.swift; path = AppDelegate.swift; sourceTree = "<group>"; };
		8A7ADA9A2521D0EA00745DD1 /* SceneDelegate.swift */ = {isa = PBXFileReference; lastKnownFileType = sourcecode.swift; path = SceneDelegate.swift; sourceTree = "<group>"; };
		8A7ADA9C2521D0EA00745DD1 /* ImageViewController.swift */ = {isa = PBXFileReference; lastKnownFileType = sourcecode.swift; path = ImageViewController.swift; sourceTree = "<group>"; };
		8A7ADA9F2521D0EA00745DD1 /* Base */ = {isa = PBXFileReference; lastKnownFileType = file.storyboard; name = Base; path = Base.lproj/Main.storyboard; sourceTree = "<group>"; };
		8A7ADAA22521D0EA00745DD1 /* ImageUploads.xcdatamodel */ = {isa = PBXFileReference; lastKnownFileType = wrapper.xcdatamodel; path = ImageUploads.xcdatamodel; sourceTree = "<group>"; };
		8A7ADAA42521D0EC00745DD1 /* Assets.xcassets */ = {isa = PBXFileReference; lastKnownFileType = folder.assetcatalog; path = Assets.xcassets; sourceTree = "<group>"; };
		8A7ADAA72521D0EC00745DD1 /* Base */ = {isa = PBXFileReference; lastKnownFileType = file.storyboard; name = Base; path = Base.lproj/LaunchScreen.storyboard; sourceTree = "<group>"; };
		8A7ADAA92521D0EC00745DD1 /* Info.plist */ = {isa = PBXFileReference; lastKnownFileType = text.plist.xml; path = Info.plist; sourceTree = "<group>"; };
		8A7ADAAE2521D0EC00745DD1 /* ImageUploadsTests.xctest */ = {isa = PBXFileReference; explicitFileType = wrapper.cfbundle; includeInIndex = 0; path = ImageUploadsTests.xctest; sourceTree = BUILT_PRODUCTS_DIR; };
		8A7ADAB22521D0EC00745DD1 /* ImageUploadsTests.swift */ = {isa = PBXFileReference; lastKnownFileType = sourcecode.swift; path = ImageUploadsTests.swift; sourceTree = "<group>"; };
		8A7ADAB42521D0EC00745DD1 /* Info.plist */ = {isa = PBXFileReference; lastKnownFileType = text.plist.xml; path = Info.plist; sourceTree = "<group>"; };
		8A7ADAB92521D0EC00745DD1 /* ImageUploadsUITests.xctest */ = {isa = PBXFileReference; explicitFileType = wrapper.cfbundle; includeInIndex = 0; path = ImageUploadsUITests.xctest; sourceTree = BUILT_PRODUCTS_DIR; };
		8A7ADABD2521D0EC00745DD1 /* ImageUploadsUITests.swift */ = {isa = PBXFileReference; lastKnownFileType = sourcecode.swift; path = ImageUploadsUITests.swift; sourceTree = "<group>"; };
		8A7ADABF2521D0EC00745DD1 /* Info.plist */ = {isa = PBXFileReference; lastKnownFileType = text.plist.xml; path = Info.plist; sourceTree = "<group>"; };
		8A7ADACB2521F7F600745DD1 /* ViewController.swift */ = {isa = PBXFileReference; lastKnownFileType = sourcecode.swift; path = ViewController.swift; sourceTree = "<group>"; };
		8A7ADACD252204CB00745DD1 /* CustomProgressView.swift */ = {isa = PBXFileReference; lastKnownFileType = sourcecode.swift; path = CustomProgressView.swift; sourceTree = "<group>"; };
		8A7ADACF252204E000745DD1 /* CustomProgressView.xib */ = {isa = PBXFileReference; lastKnownFileType = file.xib; path = CustomProgressView.xib; sourceTree = "<group>"; };
		8A7ADAD12522189500745DD1 /* ImageCollectionViewCell.swift */ = {isa = PBXFileReference; lastKnownFileType = sourcecode.swift; path = ImageCollectionViewCell.swift; sourceTree = "<group>"; };
		8AF7D6EB2522F5FC00CFC225 /* NetworkHandler.swift */ = {isa = PBXFileReference; lastKnownFileType = sourcecode.swift; path = NetworkHandler.swift; sourceTree = "<group>"; };
		8AF7D6ED2522F93400CFC225 /* Constants.swift */ = {isa = PBXFileReference; lastKnownFileType = sourcecode.swift; path = Constants.swift; sourceTree = "<group>"; };
		8AF7D6EF2523215800CFC225 /* UploadsCollectionViewCell.swift */ = {isa = PBXFileReference; lastKnownFileType = sourcecode.swift; path = UploadsCollectionViewCell.swift; sourceTree = "<group>"; };
		8AF7D6F5252329BA00CFC225 /* DetailsViewController.swift */ = {isa = PBXFileReference; lastKnownFileType = sourcecode.swift; path = DetailsViewController.swift; sourceTree = "<group>"; };
		8AF7D6F925232AC900CFC225 /* UIImageView.swift */ = {isa = PBXFileReference; lastKnownFileType = sourcecode.swift; path = UIImageView.swift; sourceTree = "<group>"; };
		8AF7D6FB25232F4800CFC225 /* UploadPresenter.swift */ = {isa = PBXFileReference; lastKnownFileType = sourcecode.swift; path = UploadPresenter.swift; sourceTree = "<group>"; };
		8AF7D6FD252364E300CFC225 /* ImagePresenter.swift */ = {isa = PBXFileReference; lastKnownFileType = sourcecode.swift; path = ImagePresenter.swift; sourceTree = "<group>"; };
		8AF7D6FF252368D700CFC225 /* DetailPresenter.swift */ = {isa = PBXFileReference; lastKnownFileType = sourcecode.swift; path = DetailPresenter.swift; sourceTree = "<group>"; };
		A3F3C6BD6C247740CE0BA884 /* Pods_ImageUploads_ImageUploadsUITests.framework */ = {isa = PBXFileReference; explicitFileType = wrapper.framework; includeInIndex = 0; path = Pods_ImageUploads_ImageUploadsUITests.framework; sourceTree = BUILT_PRODUCTS_DIR; };
		B6E7C70C79C823F1D7098F82 /* Pods-ImageUploads-ImageUploadsUITests.release.xcconfig */ = {isa = PBXFileReference; includeInIndex = 1; lastKnownFileType = text.xcconfig; name = "Pods-ImageUploads-ImageUploadsUITests.release.xcconfig"; path = "Target Support Files/Pods-ImageUploads-ImageUploadsUITests/Pods-ImageUploads-ImageUploadsUITests.release.xcconfig"; sourceTree = "<group>"; };
		BCD78E2EF3177D14206B352E /* Pods_ImageUploads.framework */ = {isa = PBXFileReference; explicitFileType = wrapper.framework; includeInIndex = 0; path = Pods_ImageUploads.framework; sourceTree = BUILT_PRODUCTS_DIR; };
		C711B345EA38F4908CEADE7F /* Pods-ImageUploads.debug.xcconfig */ = {isa = PBXFileReference; includeInIndex = 1; lastKnownFileType = text.xcconfig; name = "Pods-ImageUploads.debug.xcconfig"; path = "Target Support Files/Pods-ImageUploads/Pods-ImageUploads.debug.xcconfig"; sourceTree = "<group>"; };
		CAA57886D432E5608FD08EBC /* Pods-ImageUploadsTests.release.xcconfig */ = {isa = PBXFileReference; includeInIndex = 1; lastKnownFileType = text.xcconfig; name = "Pods-ImageUploadsTests.release.xcconfig"; path = "Target Support Files/Pods-ImageUploadsTests/Pods-ImageUploadsTests.release.xcconfig"; sourceTree = "<group>"; };
		DF75707068057B166E3C6DF3 /* Pods-ImageUploadsTests.debug.xcconfig */ = {isa = PBXFileReference; includeInIndex = 1; lastKnownFileType = text.xcconfig; name = "Pods-ImageUploadsTests.debug.xcconfig"; path = "Target Support Files/Pods-ImageUploadsTests/Pods-ImageUploadsTests.debug.xcconfig"; sourceTree = "<group>"; };
		E6F64408A906069E891D3EAA /* Pods-ImageUploads-ImageUploadsUITests.debug.xcconfig */ = {isa = PBXFileReference; includeInIndex = 1; lastKnownFileType = text.xcconfig; name = "Pods-ImageUploads-ImageUploadsUITests.debug.xcconfig"; path = "Target Support Files/Pods-ImageUploads-ImageUploadsUITests/Pods-ImageUploads-ImageUploadsUITests.debug.xcconfig"; sourceTree = "<group>"; };
/* End PBXFileReference section */

/* Begin PBXFrameworksBuildPhase section */
		8A7ADA922521D0EA00745DD1 /* Frameworks */ = {
			isa = PBXFrameworksBuildPhase;
			buildActionMask = 2147483647;
			files = (
				677EE408EFBC07FDD5D45647 /* Pods_ImageUploads.framework in Frameworks */,
			);
			runOnlyForDeploymentPostprocessing = 0;
		};
		8A7ADAAB2521D0EC00745DD1 /* Frameworks */ = {
			isa = PBXFrameworksBuildPhase;
			buildActionMask = 2147483647;
			files = (
				629C47BBF03C378317C37064 /* Pods_ImageUploadsTests.framework in Frameworks */,
			);
			runOnlyForDeploymentPostprocessing = 0;
		};
		8A7ADAB62521D0EC00745DD1 /* Frameworks */ = {
			isa = PBXFrameworksBuildPhase;
			buildActionMask = 2147483647;
			files = (
				2543E76A5B425C796E8021D6 /* Pods_ImageUploads_ImageUploadsUITests.framework in Frameworks */,
			);
			runOnlyForDeploymentPostprocessing = 0;
		};
/* End PBXFrameworksBuildPhase section */

/* Begin PBXGroup section */
		6D14543EFDA6553CC15BA1A4 /* Pods */ = {
			isa = PBXGroup;
			children = (
				C711B345EA38F4908CEADE7F /* Pods-ImageUploads.debug.xcconfig */,
				085EA585249E0B071045A68D /* Pods-ImageUploads.release.xcconfig */,
				E6F64408A906069E891D3EAA /* Pods-ImageUploads-ImageUploadsUITests.debug.xcconfig */,
				B6E7C70C79C823F1D7098F82 /* Pods-ImageUploads-ImageUploadsUITests.release.xcconfig */,
				DF75707068057B166E3C6DF3 /* Pods-ImageUploadsTests.debug.xcconfig */,
				CAA57886D432E5608FD08EBC /* Pods-ImageUploadsTests.release.xcconfig */,
			);
			path = Pods;
			sourceTree = "<group>";
		};
		8A7ADA8C2521D0EA00745DD1 = {
			isa = PBXGroup;
			children = (
				8A7ADA972521D0EA00745DD1 /* ImageUploads */,
				8A7ADAB12521D0EC00745DD1 /* ImageUploadsTests */,
				8A7ADABC2521D0EC00745DD1 /* ImageUploadsUITests */,
				8A7ADA962521D0EA00745DD1 /* Products */,
				6D14543EFDA6553CC15BA1A4 /* Pods */,
				D52A34A0B01B769D67DAE44F /* Frameworks */,
			);
			sourceTree = "<group>";
		};
		8A7ADA962521D0EA00745DD1 /* Products */ = {
			isa = PBXGroup;
			children = (
				8A7ADA952521D0EA00745DD1 /* ImageUploads.app */,
				8A7ADAAE2521D0EC00745DD1 /* ImageUploadsTests.xctest */,
				8A7ADAB92521D0EC00745DD1 /* ImageUploadsUITests.xctest */,
			);
			name = Products;
			sourceTree = "<group>";
		};
		8A7ADA972521D0EA00745DD1 /* ImageUploads */ = {
			isa = PBXGroup;
			children = (
				8AF7D6F825232AB600CFC225 /* Extension */,
				8AF7D6F7252329C700CFC225 /* Constants */,
				8AF7D6F42523298700CFC225 /* View Controllers */,
				8AF7D6F32523295C00CFC225 /* Storyboard */,
				8AF7D6F22523292000CFC225 /* Custom View */,
				8AF7D6F1252328FE00CFC225 /* AppDelegate */,
				8AF7D6EA2522F5D000CFC225 /* Network */,
				8A7ADAA42521D0EC00745DD1 /* Assets.xcassets */,
				8A7ADAA92521D0EC00745DD1 /* Info.plist */,
				8A7ADAA12521D0EA00745DD1 /* ImageUploads.xcdatamodeld */,
			);
			path = ImageUploads;
			sourceTree = "<group>";
		};
		8A7ADAB12521D0EC00745DD1 /* ImageUploadsTests */ = {
			isa = PBXGroup;
			children = (
				8A7ADAB22521D0EC00745DD1 /* ImageUploadsTests.swift */,
				8A7ADAB42521D0EC00745DD1 /* Info.plist */,
			);
			path = ImageUploadsTests;
			sourceTree = "<group>";
		};
		8A7ADABC2521D0EC00745DD1 /* ImageUploadsUITests */ = {
			isa = PBXGroup;
			children = (
				8A7ADABD2521D0EC00745DD1 /* ImageUploadsUITests.swift */,
				8A7ADABF2521D0EC00745DD1 /* Info.plist */,
			);
			path = ImageUploadsUITests;
			sourceTree = "<group>";
		};
		8AF7D6EA2522F5D000CFC225 /* Network */ = {
			isa = PBXGroup;
			children = (
				8AF7D6EB2522F5FC00CFC225 /* NetworkHandler.swift */,
			);
			path = Network;
			sourceTree = "<group>";
		};
		8AF7D6F1252328FE00CFC225 /* AppDelegate */ = {
			isa = PBXGroup;
			children = (
				8A7ADA982521D0EA00745DD1 /* AppDelegate.swift */,
				8A7ADA9A2521D0EA00745DD1 /* SceneDelegate.swift */,
			);
			path = AppDelegate;
			sourceTree = "<group>";
		};
		8AF7D6F22523292000CFC225 /* Custom View */ = {
			isa = PBXGroup;
			children = (
				8A7ADACD252204CB00745DD1 /* CustomProgressView.swift */,
				8A7ADACF252204E000745DD1 /* CustomProgressView.xib */,
				8A7ADAD12522189500745DD1 /* ImageCollectionViewCell.swift */,
				8AF7D6EF2523215800CFC225 /* UploadsCollectionViewCell.swift */,
			);
			path = "Custom View";
			sourceTree = "<group>";
		};
		8AF7D6F32523295C00CFC225 /* Storyboard */ = {
			isa = PBXGroup;
			children = (
				8A7ADA9E2521D0EA00745DD1 /* Main.storyboard */,
				8A7ADAA62521D0EC00745DD1 /* LaunchScreen.storyboard */,
			);
			path = Storyboard;
			sourceTree = "<group>";
		};
		8AF7D6F42523298700CFC225 /* View Controllers */ = {
			isa = PBXGroup;
			children = (
				8AF7D70325236DDC00CFC225 /* Details */,
				8AF7D70225236DBA00CFC225 /* Upload Preview */,
				8AF7D70125236D8E00CFC225 /* ImageCollection */,
			);
			path = "View Controllers";
			sourceTree = "<group>";
		};
		8AF7D6F7252329C700CFC225 /* Constants */ = {
			isa = PBXGroup;
			children = (
				8AF7D6ED2522F93400CFC225 /* Constants.swift */,
			);
			path = Constants;
			sourceTree = "<group>";
		};
		8AF7D6F825232AB600CFC225 /* Extension */ = {
			isa = PBXGroup;
			children = (
				8AF7D6F925232AC900CFC225 /* UIImageView.swift */,
			);
			path = Extension;
			sourceTree = "<group>";
		};
		8AF7D70125236D8E00CFC225 /* ImageCollection */ = {
			isa = PBXGroup;
			children = (
				8A7ADA9C2521D0EA00745DD1 /* ImageViewController.swift */,
				8AF7D6FD252364E300CFC225 /* ImagePresenter.swift */,
			);
			path = ImageCollection;
			sourceTree = "<group>";
		};
		8AF7D70225236DBA00CFC225 /* Upload Preview */ = {
			isa = PBXGroup;
			children = (
				8A7ADACB2521F7F600745DD1 /* ViewController.swift */,
				8AF7D6FB25232F4800CFC225 /* UploadPresenter.swift */,
			);
			path = "Upload Preview";
			sourceTree = "<group>";
		};
		8AF7D70325236DDC00CFC225 /* Details */ = {
			isa = PBXGroup;
			children = (
				8AF7D6F5252329BA00CFC225 /* DetailsViewController.swift */,
				8AF7D6FF252368D700CFC225 /* DetailPresenter.swift */,
			);
			path = Details;
			sourceTree = "<group>";
		};
		D52A34A0B01B769D67DAE44F /* Frameworks */ = {
			isa = PBXGroup;
			children = (
				BCD78E2EF3177D14206B352E /* Pods_ImageUploads.framework */,
				A3F3C6BD6C247740CE0BA884 /* Pods_ImageUploads_ImageUploadsUITests.framework */,
				17B0F33B3442975A5E690CAB /* Pods_ImageUploadsTests.framework */,
			);
			name = Frameworks;
			sourceTree = "<group>";
		};
/* End PBXGroup section */

/* Begin PBXNativeTarget section */
		8A7ADA942521D0EA00745DD1 /* ImageUploads */ = {
			isa = PBXNativeTarget;
			buildConfigurationList = 8A7ADAC22521D0EC00745DD1 /* Build configuration list for PBXNativeTarget "ImageUploads" */;
			buildPhases = (
				50DB5A490C0291A23258102F /* [CP] Check Pods Manifest.lock */,
				8A7ADA912521D0EA00745DD1 /* Sources */,
				8A7ADA922521D0EA00745DD1 /* Frameworks */,
				8A7ADA932521D0EA00745DD1 /* Resources */,
				7437864378AA3B80A368622C /* [CP] Embed Pods Frameworks */,
			);
			buildRules = (
			);
			dependencies = (
			);
			name = ImageUploads;
			productName = ImageUploads;
			productReference = 8A7ADA952521D0EA00745DD1 /* ImageUploads.app */;
			productType = "com.apple.product-type.application";
		};
		8A7ADAAD2521D0EC00745DD1 /* ImageUploadsTests */ = {
			isa = PBXNativeTarget;
			buildConfigurationList = 8A7ADAC52521D0EC00745DD1 /* Build configuration list for PBXNativeTarget "ImageUploadsTests" */;
			buildPhases = (
				D5FF7FFAD8ECDC4A0B7C09EF /* [CP] Check Pods Manifest.lock */,
				8A7ADAAA2521D0EC00745DD1 /* Sources */,
				8A7ADAAB2521D0EC00745DD1 /* Frameworks */,
				8A7ADAAC2521D0EC00745DD1 /* Resources */,
			);
			buildRules = (
			);
			dependencies = (
				8A7ADAB02521D0EC00745DD1 /* PBXTargetDependency */,
			);
			name = ImageUploadsTests;
			productName = ImageUploadsTests;
			productReference = 8A7ADAAE2521D0EC00745DD1 /* ImageUploadsTests.xctest */;
			productType = "com.apple.product-type.bundle.unit-test";
		};
		8A7ADAB82521D0EC00745DD1 /* ImageUploadsUITests */ = {
			isa = PBXNativeTarget;
			buildConfigurationList = 8A7ADAC82521D0EC00745DD1 /* Build configuration list for PBXNativeTarget "ImageUploadsUITests" */;
			buildPhases = (
				1C714769465650ACF43EFD46 /* [CP] Check Pods Manifest.lock */,
				8A7ADAB52521D0EC00745DD1 /* Sources */,
				8A7ADAB62521D0EC00745DD1 /* Frameworks */,
				8A7ADAB72521D0EC00745DD1 /* Resources */,
				17AD3C13E29666A85816ED37 /* [CP] Embed Pods Frameworks */,
			);
			buildRules = (
			);
			dependencies = (
				8A7ADABB2521D0EC00745DD1 /* PBXTargetDependency */,
			);
			name = ImageUploadsUITests;
			productName = ImageUploadsUITests;
			productReference = 8A7ADAB92521D0EC00745DD1 /* ImageUploadsUITests.xctest */;
			productType = "com.apple.product-type.bundle.ui-testing";
		};
/* End PBXNativeTarget section */

/* Begin PBXProject section */
		8A7ADA8D2521D0EA00745DD1 /* Project object */ = {
			isa = PBXProject;
			attributes = {
				LastSwiftUpdateCheck = 1120;
				LastUpgradeCheck = 1120;
				ORGANIZATIONNAME = "Poonam More";
				TargetAttributes = {
					8A7ADA942521D0EA00745DD1 = {
						CreatedOnToolsVersion = 11.2.1;
					};
					8A7ADAAD2521D0EC00745DD1 = {
						CreatedOnToolsVersion = 11.2.1;
						TestTargetID = 8A7ADA942521D0EA00745DD1;
					};
					8A7ADAB82521D0EC00745DD1 = {
						CreatedOnToolsVersion = 11.2.1;
						TestTargetID = 8A7ADA942521D0EA00745DD1;
					};
				};
			};
			buildConfigurationList = 8A7ADA902521D0EA00745DD1 /* Build configuration list for PBXProject "ImageUploads" */;
			compatibilityVersion = "Xcode 9.3";
			developmentRegion = en;
			hasScannedForEncodings = 0;
			knownRegions = (
				en,
				Base,
			);
			mainGroup = 8A7ADA8C2521D0EA00745DD1;
			productRefGroup = 8A7ADA962521D0EA00745DD1 /* Products */;
			projectDirPath = "";
			projectRoot = "";
			targets = (
				8A7ADA942521D0EA00745DD1 /* ImageUploads */,
				8A7ADAAD2521D0EC00745DD1 /* ImageUploadsTests */,
				8A7ADAB82521D0EC00745DD1 /* ImageUploadsUITests */,
			);
		};
/* End PBXProject section */

/* Begin PBXResourcesBuildPhase section */
		8A7ADA932521D0EA00745DD1 /* Resources */ = {
			isa = PBXResourcesBuildPhase;
			buildActionMask = 2147483647;
			files = (
				8A7ADAA82521D0EC00745DD1 /* LaunchScreen.storyboard in Resources */,
				8A7ADAA52521D0EC00745DD1 /* Assets.xcassets in Resources */,
				8A7ADAD0252204E000745DD1 /* CustomProgressView.xib in Resources */,
				8A7ADAA02521D0EA00745DD1 /* Main.storyboard in Resources */,
			);
			runOnlyForDeploymentPostprocessing = 0;
		};
		8A7ADAAC2521D0EC00745DD1 /* Resources */ = {
			isa = PBXResourcesBuildPhase;
			buildActionMask = 2147483647;
			files = (
			);
			runOnlyForDeploymentPostprocessing = 0;
		};
		8A7ADAB72521D0EC00745DD1 /* Resources */ = {
			isa = PBXResourcesBuildPhase;
			buildActionMask = 2147483647;
			files = (
			);
			runOnlyForDeploymentPostprocessing = 0;
		};
/* End PBXResourcesBuildPhase section */

/* Begin PBXShellScriptBuildPhase section */
		17AD3C13E29666A85816ED37 /* [CP] Embed Pods Frameworks */ = {
			isa = PBXShellScriptBuildPhase;
			buildActionMask = 2147483647;
			files = (
			);
			inputFileListPaths = (
				"${PODS_ROOT}/Target Support Files/Pods-ImageUploads-ImageUploadsUITests/Pods-ImageUploads-ImageUploadsUITests-frameworks-${CONFIGURATION}-input-files.xcfilelist",
			);
			name = "[CP] Embed Pods Frameworks";
			outputFileListPaths = (
				"${PODS_ROOT}/Target Support Files/Pods-ImageUploads-ImageUploadsUITests/Pods-ImageUploads-ImageUploadsUITests-frameworks-${CONFIGURATION}-output-files.xcfilelist",
			);
			runOnlyForDeploymentPostprocessing = 0;
			shellPath = /bin/sh;
			shellScript = "\"${PODS_ROOT}/Target Support Files/Pods-ImageUploads-ImageUploadsUITests/Pods-ImageUploads-ImageUploadsUITests-frameworks.sh\"\n";
			showEnvVarsInLog = 0;
		};
		1C714769465650ACF43EFD46 /* [CP] Check Pods Manifest.lock */ = {
			isa = PBXShellScriptBuildPhase;
			buildActionMask = 2147483647;
			files = (
			);
			inputFileListPaths = (
			);
			inputPaths = (
				"${PODS_PODFILE_DIR_PATH}/Podfile.lock",
				"${PODS_ROOT}/Manifest.lock",
			);
			name = "[CP] Check Pods Manifest.lock";
			outputFileListPaths = (
			);
			outputPaths = (
				"$(DERIVED_FILE_DIR)/Pods-ImageUploads-ImageUploadsUITests-checkManifestLockResult.txt",
			);
			runOnlyForDeploymentPostprocessing = 0;
			shellPath = /bin/sh;
			shellScript = "diff \"${PODS_PODFILE_DIR_PATH}/Podfile.lock\" \"${PODS_ROOT}/Manifest.lock\" > /dev/null\nif [ $? != 0 ] ; then\n    # print error to STDERR\n    echo \"error: The sandbox is not in sync with the Podfile.lock. Run 'pod install' or update your CocoaPods installation.\" >&2\n    exit 1\nfi\n# This output is used by Xcode 'outputs' to avoid re-running this script phase.\necho \"SUCCESS\" > \"${SCRIPT_OUTPUT_FILE_0}\"\n";
			showEnvVarsInLog = 0;
		};
		50DB5A490C0291A23258102F /* [CP] Check Pods Manifest.lock */ = {
			isa = PBXShellScriptBuildPhase;
			buildActionMask = 2147483647;
			files = (
			);
			inputFileListPaths = (
			);
			inputPaths = (
				"${PODS_PODFILE_DIR_PATH}/Podfile.lock",
				"${PODS_ROOT}/Manifest.lock",
			);
			name = "[CP] Check Pods Manifest.lock";
			outputFileListPaths = (
			);
			outputPaths = (
				"$(DERIVED_FILE_DIR)/Pods-ImageUploads-checkManifestLockResult.txt",
			);
			runOnlyForDeploymentPostprocessing = 0;
			shellPath = /bin/sh;
			shellScript = "diff \"${PODS_PODFILE_DIR_PATH}/Podfile.lock\" \"${PODS_ROOT}/Manifest.lock\" > /dev/null\nif [ $? != 0 ] ; then\n    # print error to STDERR\n    echo \"error: The sandbox is not in sync with the Podfile.lock. Run 'pod install' or update your CocoaPods installation.\" >&2\n    exit 1\nfi\n# This output is used by Xcode 'outputs' to avoid re-running this script phase.\necho \"SUCCESS\" > \"${SCRIPT_OUTPUT_FILE_0}\"\n";
			showEnvVarsInLog = 0;
		};
		7437864378AA3B80A368622C /* [CP] Embed Pods Frameworks */ = {
			isa = PBXShellScriptBuildPhase;
			buildActionMask = 2147483647;
			files = (
			);
			inputFileListPaths = (
				"${PODS_ROOT}/Target Support Files/Pods-ImageUploads/Pods-ImageUploads-frameworks-${CONFIGURATION}-input-files.xcfilelist",
			);
			name = "[CP] Embed Pods Frameworks";
			outputFileListPaths = (
				"${PODS_ROOT}/Target Support Files/Pods-ImageUploads/Pods-ImageUploads-frameworks-${CONFIGURATION}-output-files.xcfilelist",
			);
			runOnlyForDeploymentPostprocessing = 0;
			shellPath = /bin/sh;
			shellScript = "\"${PODS_ROOT}/Target Support Files/Pods-ImageUploads/Pods-ImageUploads-frameworks.sh\"\n";
			showEnvVarsInLog = 0;
		};
		D5FF7FFAD8ECDC4A0B7C09EF /* [CP] Check Pods Manifest.lock */ = {
			isa = PBXShellScriptBuildPhase;
			buildActionMask = 2147483647;
			files = (
			);
			inputFileListPaths = (
			);
			inputPaths = (
				"${PODS_PODFILE_DIR_PATH}/Podfile.lock",
				"${PODS_ROOT}/Manifest.lock",
			);
			name = "[CP] Check Pods Manifest.lock";
			outputFileListPaths = (
			);
			outputPaths = (
				"$(DERIVED_FILE_DIR)/Pods-ImageUploadsTests-checkManifestLockResult.txt",
			);
			runOnlyForDeploymentPostprocessing = 0;
			shellPath = /bin/sh;
			shellScript = "diff \"${PODS_PODFILE_DIR_PATH}/Podfile.lock\" \"${PODS_ROOT}/Manifest.lock\" > /dev/null\nif [ $? != 0 ] ; then\n    # print error to STDERR\n    echo \"error: The sandbox is not in sync with the Podfile.lock. Run 'pod install' or update your CocoaPods installation.\" >&2\n    exit 1\nfi\n# This output is used by Xcode 'outputs' to avoid re-running this script phase.\necho \"SUCCESS\" > \"${SCRIPT_OUTPUT_FILE_0}\"\n";
			showEnvVarsInLog = 0;
		};
/* End PBXShellScriptBuildPhase section */

/* Begin PBXSourcesBuildPhase section */
		8A7ADA912521D0EA00745DD1 /* Sources */ = {
			isa = PBXSourcesBuildPhase;
			buildActionMask = 2147483647;
			files = (
				8A7ADACC2521F7F600745DD1 /* ViewController.swift in Sources */,
				8AF7D6FA25232AC900CFC225 /* UIImageView.swift in Sources */,
				8A7ADAA32521D0EA00745DD1 /* ImageUploads.xcdatamodeld in Sources */,
				8A7ADACE252204CB00745DD1 /* CustomProgressView.swift in Sources */,
				8AF7D6F6252329BA00CFC225 /* DetailsViewController.swift in Sources */,
				8A7ADAD22522189500745DD1 /* ImageCollectionViewCell.swift in Sources */,
				8A7ADA9D2521D0EA00745DD1 /* ImageViewController.swift in Sources */,
				8A7ADA992521D0EA00745DD1 /* AppDelegate.swift in Sources */,
				8AF7D700252368D700CFC225 /* DetailPresenter.swift in Sources */,
				8A7ADA9B2521D0EA00745DD1 /* SceneDelegate.swift in Sources */,
				8AF7D6EC2522F5FC00CFC225 /* NetworkHandler.swift in Sources */,
				8AF7D6FE252364E300CFC225 /* ImagePresenter.swift in Sources */,
				8AF7D6EE2522F93400CFC225 /* Constants.swift in Sources */,
				8AF7D6F02523215900CFC225 /* UploadsCollectionViewCell.swift in Sources */,
				8AF7D6FC25232F4800CFC225 /* UploadPresenter.swift in Sources */,
			);
			runOnlyForDeploymentPostprocessing = 0;
		};
		8A7ADAAA2521D0EC00745DD1 /* Sources */ = {
			isa = PBXSourcesBuildPhase;
			buildActionMask = 2147483647;
			files = (
				8A7ADAB32521D0EC00745DD1 /* ImageUploadsTests.swift in Sources */,
			);
			runOnlyForDeploymentPostprocessing = 0;
		};
		8A7ADAB52521D0EC00745DD1 /* Sources */ = {
			isa = PBXSourcesBuildPhase;
			buildActionMask = 2147483647;
			files = (
				8A7ADABE2521D0EC00745DD1 /* ImageUploadsUITests.swift in Sources */,
			);
			runOnlyForDeploymentPostprocessing = 0;
		};
/* End PBXSourcesBuildPhase section */

/* Begin PBXTargetDependency section */
		8A7ADAB02521D0EC00745DD1 /* PBXTargetDependency */ = {
			isa = PBXTargetDependency;
			target = 8A7ADA942521D0EA00745DD1 /* ImageUploads */;
			targetProxy = 8A7ADAAF2521D0EC00745DD1 /* PBXContainerItemProxy */;
		};
		8A7ADABB2521D0EC00745DD1 /* PBXTargetDependency */ = {
			isa = PBXTargetDependency;
			target = 8A7ADA942521D0EA00745DD1 /* ImageUploads */;
			targetProxy = 8A7ADABA2521D0EC00745DD1 /* PBXContainerItemProxy */;
		};
/* End PBXTargetDependency section */

/* Begin PBXVariantGroup section */
		8A7ADA9E2521D0EA00745DD1 /* Main.storyboard */ = {
			isa = PBXVariantGroup;
			children = (
				8A7ADA9F2521D0EA00745DD1 /* Base */,
			);
			name = Main.storyboard;
			sourceTree = "<group>";
		};
		8A7ADAA62521D0EC00745DD1 /* LaunchScreen.storyboard */ = {
			isa = PBXVariantGroup;
			children = (
				8A7ADAA72521D0EC00745DD1 /* Base */,
			);
			name = LaunchScreen.storyboard;
			sourceTree = "<group>";
		};
/* End PBXVariantGroup section */

/* Begin XCBuildConfiguration section */
		8A7ADAC02521D0EC00745DD1 /* Debug */ = {
			isa = XCBuildConfiguration;
			buildSettings = {
				ALWAYS_SEARCH_USER_PATHS = NO;
				CLANG_ANALYZER_NONNULL = YES;
				CLANG_ANALYZER_NUMBER_OBJECT_CONVERSION = YES_AGGRESSIVE;
				CLANG_CXX_LANGUAGE_STANDARD = "gnu++14";
				CLANG_CXX_LIBRARY = "libc++";
				CLANG_ENABLE_MODULES = YES;
				CLANG_ENABLE_OBJC_ARC = YES;
				CLANG_ENABLE_OBJC_WEAK = YES;
				CLANG_WARN_BLOCK_CAPTURE_AUTORELEASING = YES;
				CLANG_WARN_BOOL_CONVERSION = YES;
				CLANG_WARN_COMMA = YES;
				CLANG_WARN_CONSTANT_CONVERSION = YES;
				CLANG_WARN_DEPRECATED_OBJC_IMPLEMENTATIONS = YES;
				CLANG_WARN_DIRECT_OBJC_ISA_USAGE = YES_ERROR;
				CLANG_WARN_DOCUMENTATION_COMMENTS = YES;
				CLANG_WARN_EMPTY_BODY = YES;
				CLANG_WARN_ENUM_CONVERSION = YES;
				CLANG_WARN_INFINITE_RECURSION = YES;
				CLANG_WARN_INT_CONVERSION = YES;
				CLANG_WARN_NON_LITERAL_NULL_CONVERSION = YES;
				CLANG_WARN_OBJC_IMPLICIT_RETAIN_SELF = YES;
				CLANG_WARN_OBJC_LITERAL_CONVERSION = YES;
				CLANG_WARN_OBJC_ROOT_CLASS = YES_ERROR;
				CLANG_WARN_RANGE_LOOP_ANALYSIS = YES;
				CLANG_WARN_STRICT_PROTOTYPES = YES;
				CLANG_WARN_SUSPICIOUS_MOVE = YES;
				CLANG_WARN_UNGUARDED_AVAILABILITY = YES_AGGRESSIVE;
				CLANG_WARN_UNREACHABLE_CODE = YES;
				CLANG_WARN__DUPLICATE_METHOD_MATCH = YES;
				COPY_PHASE_STRIP = NO;
				DEBUG_INFORMATION_FORMAT = dwarf;
				ENABLE_STRICT_OBJC_MSGSEND = YES;
				ENABLE_TESTABILITY = YES;
				GCC_C_LANGUAGE_STANDARD = gnu11;
				GCC_DYNAMIC_NO_PIC = NO;
				GCC_NO_COMMON_BLOCKS = YES;
				GCC_OPTIMIZATION_LEVEL = 0;
				GCC_PREPROCESSOR_DEFINITIONS = (
					"DEBUG=1",
					"$(inherited)",
				);
				GCC_WARN_64_TO_32_BIT_CONVERSION = YES;
				GCC_WARN_ABOUT_RETURN_TYPE = YES_ERROR;
				GCC_WARN_UNDECLARED_SELECTOR = YES;
				GCC_WARN_UNINITIALIZED_AUTOS = YES_AGGRESSIVE;
				GCC_WARN_UNUSED_FUNCTION = YES;
				GCC_WARN_UNUSED_VARIABLE = YES;
				IPHONEOS_DEPLOYMENT_TARGET = 13.2;
				MTL_ENABLE_DEBUG_INFO = INCLUDE_SOURCE;
				MTL_FAST_MATH = YES;
				ONLY_ACTIVE_ARCH = YES;
				SDKROOT = iphoneos;
				SWIFT_ACTIVE_COMPILATION_CONDITIONS = DEBUG;
				SWIFT_OPTIMIZATION_LEVEL = "-Onone";
			};
			name = Debug;
		};
		8A7ADAC12521D0EC00745DD1 /* Release */ = {
			isa = XCBuildConfiguration;
			buildSettings = {
				ALWAYS_SEARCH_USER_PATHS = NO;
				CLANG_ANALYZER_NONNULL = YES;
				CLANG_ANALYZER_NUMBER_OBJECT_CONVERSION = YES_AGGRESSIVE;
				CLANG_CXX_LANGUAGE_STANDARD = "gnu++14";
				CLANG_CXX_LIBRARY = "libc++";
				CLANG_ENABLE_MODULES = YES;
				CLANG_ENABLE_OBJC_ARC = YES;
				CLANG_ENABLE_OBJC_WEAK = YES;
				CLANG_WARN_BLOCK_CAPTURE_AUTORELEASING = YES;
				CLANG_WARN_BOOL_CONVERSION = YES;
				CLANG_WARN_COMMA = YES;
				CLANG_WARN_CONSTANT_CONVERSION = YES;
				CLANG_WARN_DEPRECATED_OBJC_IMPLEMENTATIONS = YES;
				CLANG_WARN_DIRECT_OBJC_ISA_USAGE = YES_ERROR;
				CLANG_WARN_DOCUMENTATION_COMMENTS = YES;
				CLANG_WARN_EMPTY_BODY = YES;
				CLANG_WARN_ENUM_CONVERSION = YES;
				CLANG_WARN_INFINITE_RECURSION = YES;
				CLANG_WARN_INT_CONVERSION = YES;
				CLANG_WARN_NON_LITERAL_NULL_CONVERSION = YES;
				CLANG_WARN_OBJC_IMPLICIT_RETAIN_SELF = YES;
				CLANG_WARN_OBJC_LITERAL_CONVERSION = YES;
				CLANG_WARN_OBJC_ROOT_CLASS = YES_ERROR;
				CLANG_WARN_RANGE_LOOP_ANALYSIS = YES;
				CLANG_WARN_STRICT_PROTOTYPES = YES;
				CLANG_WARN_SUSPICIOUS_MOVE = YES;
				CLANG_WARN_UNGUARDED_AVAILABILITY = YES_AGGRESSIVE;
				CLANG_WARN_UNREACHABLE_CODE = YES;
				CLANG_WARN__DUPLICATE_METHOD_MATCH = YES;
				COPY_PHASE_STRIP = NO;
				DEBUG_INFORMATION_FORMAT = "dwarf-with-dsym";
				ENABLE_NS_ASSERTIONS = NO;
				ENABLE_STRICT_OBJC_MSGSEND = YES;
				GCC_C_LANGUAGE_STANDARD = gnu11;
				GCC_NO_COMMON_BLOCKS = YES;
				GCC_WARN_64_TO_32_BIT_CONVERSION = YES;
				GCC_WARN_ABOUT_RETURN_TYPE = YES_ERROR;
				GCC_WARN_UNDECLARED_SELECTOR = YES;
				GCC_WARN_UNINITIALIZED_AUTOS = YES_AGGRESSIVE;
				GCC_WARN_UNUSED_FUNCTION = YES;
				GCC_WARN_UNUSED_VARIABLE = YES;
				IPHONEOS_DEPLOYMENT_TARGET = 13.2;
				MTL_ENABLE_DEBUG_INFO = NO;
				MTL_FAST_MATH = YES;
				SDKROOT = iphoneos;
				SWIFT_COMPILATION_MODE = wholemodule;
				SWIFT_OPTIMIZATION_LEVEL = "-O";
				VALIDATE_PRODUCT = YES;
			};
			name = Release;
		};
		8A7ADAC32521D0EC00745DD1 /* Debug */ = {
			isa = XCBuildConfiguration;
			baseConfigurationReference = C711B345EA38F4908CEADE7F /* Pods-ImageUploads.debug.xcconfig */;
			buildSettings = {
				ALWAYS_EMBED_SWIFT_STANDARD_LIBRARIES = "$(inherited)";
				ASSETCATALOG_COMPILER_APPICON_NAME = AppIcon;
				CODE_SIGN_STYLE = Automatic;
				DEVELOPMENT_TEAM = U257H9MGYU;
				INFOPLIST_FILE = ImageUploads/Info.plist;
				IPHONEOS_DEPLOYMENT_TARGET = 13.2;
				LD_RUNPATH_SEARCH_PATHS = (
					"$(inherited)",
					"@executable_path/Frameworks",
				);
				PRODUCT_BUNDLE_IDENTIFIER = com.tech.ImageUploads;
				PRODUCT_NAME = "$(TARGET_NAME)";
				SWIFT_VERSION = 4.0;
				TARGETED_DEVICE_FAMILY = "1,2";
			};
			name = Debug;
		};
		8A7ADAC42521D0EC00745DD1 /* Release */ = {
			isa = XCBuildConfiguration;
			baseConfigurationReference = 085EA585249E0B071045A68D /* Pods-ImageUploads.release.xcconfig */;
			buildSettings = {
				ALWAYS_EMBED_SWIFT_STANDARD_LIBRARIES = "$(inherited)";
				ASSETCATALOG_COMPILER_APPICON_NAME = AppIcon;
				CODE_SIGN_STYLE = Automatic;
				DEVELOPMENT_TEAM = U257H9MGYU;
				INFOPLIST_FILE = ImageUploads/Info.plist;
				IPHONEOS_DEPLOYMENT_TARGET = 13.2;
				LD_RUNPATH_SEARCH_PATHS = (
					"$(inherited)",
					"@executable_path/Frameworks",
				);
				PRODUCT_BUNDLE_IDENTIFIER = com.tech.ImageUploads;
				PRODUCT_NAME = "$(TARGET_NAME)";
				SWIFT_VERSION = 4.0;
				TARGETED_DEVICE_FAMILY = "1,2";
			};
			name = Release;
		};
		8A7ADAC62521D0EC00745DD1 /* Debug */ = {
			isa = XCBuildConfiguration;
			baseConfigurationReference = DF75707068057B166E3C6DF3 /* Pods-ImageUploadsTests.debug.xcconfig */;
			buildSettings = {
				ALWAYS_EMBED_SWIFT_STANDARD_LIBRARIES = YES;
				BUNDLE_LOADER = "$(TEST_HOST)";
				CODE_SIGN_STYLE = Automatic;
				INFOPLIST_FILE = ImageUploadsTests/Info.plist;
				IPHONEOS_DEPLOYMENT_TARGET = 13.2;
				LD_RUNPATH_SEARCH_PATHS = (
					"$(inherited)",
					"@executable_path/Frameworks",
					"@loader_path/Frameworks",
				);
				PRODUCT_BUNDLE_IDENTIFIER = com.tech.ImageUploadsTests;
				PRODUCT_NAME = "$(TARGET_NAME)";
				SWIFT_VERSION = 5.0;
				TARGETED_DEVICE_FAMILY = "1,2";
				TEST_HOST = "$(BUILT_PRODUCTS_DIR)/ImageUploads.app/ImageUploads";
			};
			name = Debug;
		};
		8A7ADAC72521D0EC00745DD1 /* Release */ = {
			isa = XCBuildConfiguration;
			baseConfigurationReference = CAA57886D432E5608FD08EBC /* Pods-ImageUploadsTests.release.xcconfig */;
			buildSettings = {
				ALWAYS_EMBED_SWIFT_STANDARD_LIBRARIES = YES;
				BUNDLE_LOADER = "$(TEST_HOST)";
				CODE_SIGN_STYLE = Automatic;
				INFOPLIST_FILE = ImageUploadsTests/Info.plist;
				IPHONEOS_DEPLOYMENT_TARGET = 13.2;
				LD_RUNPATH_SEARCH_PATHS = (
					"$(inherited)",
					"@executable_path/Frameworks",
					"@loader_path/Frameworks",
				);
				PRODUCT_BUNDLE_IDENTIFIER = com.tech.ImageUploadsTests;
				PRODUCT_NAME = "$(TARGET_NAME)";
				SWIFT_VERSION = 5.0;
				TARGETED_DEVICE_FAMILY = "1,2";
				TEST_HOST = "$(BUILT_PRODUCTS_DIR)/ImageUploads.app/ImageUploads";
			};
			name = Release;
		};
		8A7ADAC92521D0EC00745DD1 /* Debug */ = {
			isa = XCBuildConfiguration;
			baseConfigurationReference = E6F64408A906069E891D3EAA /* Pods-ImageUploads-ImageUploadsUITests.debug.xcconfig */;
			buildSettings = {
				ALWAYS_EMBED_SWIFT_STANDARD_LIBRARIES = YES;
				CODE_SIGN_STYLE = Automatic;
				INFOPLIST_FILE = ImageUploadsUITests/Info.plist;
				LD_RUNPATH_SEARCH_PATHS = (
					"$(inherited)",
					"@executable_path/Frameworks",
					"@loader_path/Frameworks",
				);
				PRODUCT_BUNDLE_IDENTIFIER = com.tech.ImageUploadsUITests;
				PRODUCT_NAME = "$(TARGET_NAME)";
				SWIFT_VERSION = 5.0;
				TARGETED_DEVICE_FAMILY = "1,2";
				TEST_TARGET_NAME = ImageUploads;
			};
			name = Debug;
		};
		8A7ADACA2521D0EC00745DD1 /* Release */ = {
			isa = XCBuildConfiguration;
			baseConfigurationReference = B6E7C70C79C823F1D7098F82 /* Pods-ImageUploads-ImageUploadsUITests.release.xcconfig */;
			buildSettings = {
				ALWAYS_EMBED_SWIFT_STANDARD_LIBRARIES = YES;
				CODE_SIGN_STYLE = Automatic;
				INFOPLIST_FILE = ImageUploadsUITests/Info.plist;
				LD_RUNPATH_SEARCH_PATHS = (
					"$(inherited)",
					"@executable_path/Frameworks",
					"@loader_path/Frameworks",
				);
				PRODUCT_BUNDLE_IDENTIFIER = com.tech.ImageUploadsUITests;
				PRODUCT_NAME = "$(TARGET_NAME)";
				SWIFT_VERSION = 5.0;
				TARGETED_DEVICE_FAMILY = "1,2";
				TEST_TARGET_NAME = ImageUploads;
			};
			name = Release;
		};
/* End XCBuildConfiguration section */

/* Begin XCConfigurationList section */
		8A7ADA902521D0EA00745DD1 /* Build configuration list for PBXProject "ImageUploads" */ = {
			isa = XCConfigurationList;
			buildConfigurations = (
				8A7ADAC02521D0EC00745DD1 /* Debug */,
				8A7ADAC12521D0EC00745DD1 /* Release */,
			);
			defaultConfigurationIsVisible = 0;
			defaultConfigurationName = Release;
		};
		8A7ADAC22521D0EC00745DD1 /* Build configuration list for PBXNativeTarget "ImageUploads" */ = {
			isa = XCConfigurationList;
			buildConfigurations = (
				8A7ADAC32521D0EC00745DD1 /* Debug */,
				8A7ADAC42521D0EC00745DD1 /* Release */,
			);
			defaultConfigurationIsVisible = 0;
			defaultConfigurationName = Release;
		};
		8A7ADAC52521D0EC00745DD1 /* Build configuration list for PBXNativeTarget "ImageUploadsTests" */ = {
			isa = XCConfigurationList;
			buildConfigurations = (
				8A7ADAC62521D0EC00745DD1 /* Debug */,
				8A7ADAC72521D0EC00745DD1 /* Release */,
			);
			defaultConfigurationIsVisible = 0;
			defaultConfigurationName = Release;
		};
		8A7ADAC82521D0EC00745DD1 /* Build configuration list for PBXNativeTarget "ImageUploadsUITests" */ = {
			isa = XCConfigurationList;
			buildConfigurations = (
				8A7ADAC92521D0EC00745DD1 /* Debug */,
				8A7ADACA2521D0EC00745DD1 /* Release */,
			);
			defaultConfigurationIsVisible = 0;
			defaultConfigurationName = Release;
		};
/* End XCConfigurationList section */

/* Begin XCVersionGroup section */
		8A7ADAA12521D0EA00745DD1 /* ImageUploads.xcdatamodeld */ = {
			isa = XCVersionGroup;
			children = (
				8A7ADAA22521D0EA00745DD1 /* ImageUploads.xcdatamodel */,
			);
			currentVersion = 8A7ADAA22521D0EA00745DD1 /* ImageUploads.xcdatamodel */;
			path = ImageUploads.xcdatamodeld;
			sourceTree = "<group>";
			versionGroupType = wrapper.xcdatamodel;
		};
/* End XCVersionGroup section */
	};
	rootObject = 8A7ADA8D2521D0EA00745DD1 /* Project object */;
}
